
Microsoft Visual Studio Solution File, Format Version 12.00
# Visual Studio 2012
Project("{FAE04EC0-301F-11D3-BF4B-00C04F79EFBC}") = "FlipCardsGameMultiplayer", "FlipCardsGameMultiplayer.csproj", "{F3170E28-0406-4B9E-B753-127940137E97}"
EndProject
Global
	GlobalSection(SolutionConfigurationPlatforms) = preSolution
		Debug|Any CPU = Debug|Any CPU
		Release|Any CPU = Release|Any CPU
	EndGlobalSection
	GlobalSection(ProjectConfigurationPlatforms) = postSolution
		{F3170E28-0406-4B9E-B753-127940137E97}.Debug|Any CPU.ActiveCfg = Debug|Any CPU
		{F3170E28-0406-4B9E-B753-127940137E97}.Debug|Any CPU.Build.0 = Debug|Any CPU
		{F3170E28-0406-4B9E-B753-127940137E97}.Release|Any CPU.ActiveCfg = Release|Any CPU
		{F3170E28-0406-4B9E-B753-127940137E97}.Release|Any CPU.Build.0 = Release|Any CPU
	EndGlobalSection
	GlobalSection(SolutionProperties) = preSolution
		HideSolutionNode = FALSE
	EndGlobalSection
EndGlobal
